
Microsoft Visual Studio Solution File, Format Version 12.00
# Visual Studio Version 16
VisualStudioVersion = 16.0.810.6
MinimumVisualStudioVersion = 10.0.40219.1
Project("{FAE04EC0-301F-11D3-BF4B-00C04F79EFBC}") = "Chess", "Chess\Chess.csproj", "{3D54BB4D-58A3-4476-8AFC-8B5A22105A06}"
EndProject
Project("{FAE04EC0-301F-11D3-BF4B-00C04F79EFBC}") = "ChessTest", "ChessTest\ChessTest.csproj", "{4C6A8D0C-BC70-4117-8857-D3C6B720E36B}"
EndProject
Global
	GlobalSection(SolutionConfigurationPlatforms) = preSolution
		Debug|Any CPU = Debug|Any CPU
		Release|Any CPU = Release|Any CPU
	EndGlobalSection
	GlobalSection(ProjectConfigurationPlatforms) = postSolution
		{3D54BB4D-58A3-4476-8AFC-8B5A22105A06}.Debug|Any CPU.ActiveCfg = Debug|Any CPU
		{3D54BB4D-58A3-4476-8AFC-8B5A22105A06}.Debug|Any CPU.Build.0 = Debug|Any CPU
		{3D54BB4D-58A3-4476-8AFC-8B5A22105A06}.Release|Any CPU.ActiveCfg = Release|Any CPU
		{3D54BB4D-58A3-4476-8AFC-8B5A22105A06}.Release|Any CPU.Build.0 = Release|Any CPU
		{4C6A8D0C-BC70-4117-8857-D3C6B720E36B}.Debug|Any CPU.ActiveCfg = Debug|Any CPU
		{4C6A8D0C-BC70-4117-8857-D3C6B720E36B}.Debug|Any CPU.Build.0 = Debug|Any CPU
		{4C6A8D0C-BC70-4117-8857-D3C6B720E36B}.Release|Any CPU.ActiveCfg = Release|Any CPU
		{4C6A8D0C-BC70-4117-8857-D3C6B720E36B}.Release|Any CPU.Build.0 = Release|Any CPU
	EndGlobalSection
	GlobalSection(SolutionProperties) = preSolution
		HideSolutionNode = FALSE
	EndGlobalSection
	GlobalSection(ExtensibilityGlobals) = postSolution
		SolutionGuid = {2B0A538F-C6B1-4589-905F-58013DE1BBC6}
	EndGlobalSection
EndGlobal
